
Microsoft Visual Studio Solution File, Format Version 12.00
# Visual Studio Version 17
VisualStudioVersion = 17.5.002.0
MinimumVisualStudioVersion = 10.0.40219.1
Project("{9A19103F-16F7-4668-BE54-9A1E7A4F7556}") = "Lab report for git", "Lab report for git.csproj", "{E1237345-D8F4-48A5-83FF-CD08B0ABDAE0}"
EndProject
Global
	GlobalSection(SolutionConfigurationPlatforms) = preSolution
		Debug|Any CPU = Debug|Any CPU
		Release|Any CPU = Release|Any CPU
	EndGlobalSection
	GlobalSection(ProjectConfigurationPlatforms) = postSolution
		{E1237345-D8F4-48A5-83FF-CD08B0ABDAE0}.Debug|Any CPU.ActiveCfg = Debug|Any CPU
		{E1237345-D8F4-48A5-83FF-CD08B0ABDAE0}.Debug|Any CPU.Build.0 = Debug|Any CPU
		{E1237345-D8F4-48A5-83FF-CD08B0ABDAE0}.Release|Any CPU.ActiveCfg = Release|Any CPU
		{E1237345-D8F4-48A5-83FF-CD08B0ABDAE0}.Release|Any CPU.Build.0 = Release|Any CPU
	EndGlobalSection
	GlobalSection(SolutionProperties) = preSolution
		HideSolutionNode = FALSE
	EndGlobalSection
	GlobalSection(ExtensibilityGlobals) = postSolution
		SolutionGuid = {E5A7182F-900C-4F7D-B38D-94F35BEF5C27}
	EndGlobalSection
EndGlobal
